
Microsoft Visual Studio Solution File, Format Version 12.00
# Visual Studio Version 16
VisualStudioVersion = 16.0.31025.194
MinimumVisualStudioVersion = 10.0.40219.1
Project("{FAE04EC0-301F-11D3-BF4B-00C04F79EFBC}") = "SaracinoNick_TTI_DM_Project", "SaracinoNick_TTI_DM_Project.csproj", "{94B55ABE-FCDC-453D-8ADB-E297905FB17C}"
EndProject
Project("{FAE04EC0-301F-11D3-BF4B-00C04F79EFBC}") = "Udemy_DAL", "..\Udemy_DAL\Udemy_DAL.csproj", "{4EFA959B-2081-4F97-AECF-E019902E91CC}"
EndProject
Global
	GlobalSection(SolutionConfigurationPlatforms) = preSolution
		Debug|Any CPU = Debug|Any CPU
		Release|Any CPU = Release|Any CPU
	EndGlobalSection
	GlobalSection(ProjectConfigurationPlatforms) = postSolution
		{94B55ABE-FCDC-453D-8ADB-E297905FB17C}.Debug|Any CPU.ActiveCfg = Debug|Any CPU
		{94B55ABE-FCDC-453D-8ADB-E297905FB17C}.Debug|Any CPU.Build.0 = Debug|Any CPU
		{94B55ABE-FCDC-453D-8ADB-E297905FB17C}.Release|Any CPU.ActiveCfg = Release|Any CPU
		{94B55ABE-FCDC-453D-8ADB-E297905FB17C}.Release|Any CPU.Build.0 = Release|Any CPU
		{4EFA959B-2081-4F97-AECF-E019902E91CC}.Debug|Any CPU.ActiveCfg = Debug|Any CPU
		{4EFA959B-2081-4F97-AECF-E019902E91CC}.Debug|Any CPU.Build.0 = Debug|Any CPU
		{4EFA959B-2081-4F97-AECF-E019902E91CC}.Release|Any CPU.ActiveCfg = Release|Any CPU
		{4EFA959B-2081-4F97-AECF-E019902E91CC}.Release|Any CPU.Build.0 = Release|Any CPU
	EndGlobalSection
	GlobalSection(SolutionProperties) = preSolution
		HideSolutionNode = FALSE
	EndGlobalSection
	GlobalSection(ExtensibilityGlobals) = postSolution
		SolutionGuid = {D88960E2-87CA-44AA-B6D7-0EE35A96928D}
	EndGlobalSection
EndGlobal
